
Microsoft Visual Studio Solution File, Format Version 12.00
# Visual Studio 15
VisualStudioVersion = 15.0.26730.8
MinimumVisualStudioVersion = 10.0.40219.1
Project("{888888A0-9F3D-457C-B088-3A5042F75D52}") = "FlaskWebProject1", "FlaskWebProject1\FlaskWebProject1.pyproj", "{BECABB2B-9052-464E-A93A-6C2E5C3F6B7C}"
EndProject
Project("{888888A0-9F3D-457C-B088-3A5042F75D52}") = "BlankFlaskWebProject", "BlankFlaskWebProject\BlankFlaskWebProject.pyproj", "{C8A91B57-9ED2-404F-9BC2-CFDF9D2A22A9}"
EndProject
Project("{888888A0-9F3D-457C-B088-3A5042F75D52}") = "IoTApplication", "IoTApplication\IoTApplication.pyproj", "{9BB86386-8CF9-4739-83AE-B7AD04B5E049}"
EndProject
Global
	GlobalSection(SolutionConfigurationPlatforms) = preSolution
		Debug|Any CPU = Debug|Any CPU
		Debug|ARM = Debug|ARM
		Debug|x64 = Debug|x64
		Debug|x86 = Debug|x86
		Release|Any CPU = Release|Any CPU
		Release|ARM = Release|ARM
		Release|x64 = Release|x64
		Release|x86 = Release|x86
	EndGlobalSection
	GlobalSection(ProjectConfigurationPlatforms) = postSolution
		{BECABB2B-9052-464E-A93A-6C2E5C3F6B7C}.Debug|Any CPU.ActiveCfg = Debug|Any CPU
		{BECABB2B-9052-464E-A93A-6C2E5C3F6B7C}.Debug|Any CPU.Build.0 = Debug|Any CPU
		{BECABB2B-9052-464E-A93A-6C2E5C3F6B7C}.Debug|ARM.ActiveCfg = Debug|Any CPU
		{BECABB2B-9052-464E-A93A-6C2E5C3F6B7C}.Debug|ARM.Build.0 = Debug|Any CPU
		{BECABB2B-9052-464E-A93A-6C2E5C3F6B7C}.Debug|x64.ActiveCfg = Debug|Any CPU
		{BECABB2B-9052-464E-A93A-6C2E5C3F6B7C}.Debug|x64.Build.0 = Debug|Any CPU
		{BECABB2B-9052-464E-A93A-6C2E5C3F6B7C}.Debug|x86.ActiveCfg = Debug|Any CPU
		{BECABB2B-9052-464E-A93A-6C2E5C3F6B7C}.Debug|x86.Build.0 = Debug|Any CPU
		{BECABB2B-9052-464E-A93A-6C2E5C3F6B7C}.Release|Any CPU.ActiveCfg = Release|Any CPU
		{BECABB2B-9052-464E-A93A-6C2E5C3F6B7C}.Release|Any CPU.Build.0 = Release|Any CPU
		{BECABB2B-9052-464E-A93A-6C2E5C3F6B7C}.Release|ARM.ActiveCfg = Release|Any CPU
		{BECABB2B-9052-464E-A93A-6C2E5C3F6B7C}.Release|ARM.Build.0 = Release|Any CPU
		{BECABB2B-9052-464E-A93A-6C2E5C3F6B7C}.Release|x64.ActiveCfg = Release|Any CPU
		{BECABB2B-9052-464E-A93A-6C2E5C3F6B7C}.Release|x64.Build.0 = Release|Any CPU
		{BECABB2B-9052-464E-A93A-6C2E5C3F6B7C}.Release|x86.ActiveCfg = Release|Any CPU
		{BECABB2B-9052-464E-A93A-6C2E5C3F6B7C}.Release|x86.Build.0 = Release|Any CPU
		{C8A91B57-9ED2-404F-9BC2-CFDF9D2A22A9}.Debug|Any CPU.ActiveCfg = Debug|Any CPU
		{C8A91B57-9ED2-404F-9BC2-CFDF9D2A22A9}.Debug|Any CPU.Build.0 = Debug|Any CPU
		{C8A91B57-9ED2-404F-9BC2-CFDF9D2A22A9}.Debug|ARM.ActiveCfg = Debug|Any CPU
		{C8A91B57-9ED2-404F-9BC2-CFDF9D2A22A9}.Debug|ARM.Build.0 = Debug|Any CPU
		{C8A91B57-9ED2-404F-9BC2-CFDF9D2A22A9}.Debug|x64.ActiveCfg = Debug|Any CPU
		{C8A91B57-9ED2-404F-9BC2-CFDF9D2A22A9}.Debug|x64.Build.0 = Debug|Any CPU
		{C8A91B57-9ED2-404F-9BC2-CFDF9D2A22A9}.Debug|x86.ActiveCfg = Debug|Any CPU
		{C8A91B57-9ED2-404F-9BC2-CFDF9D2A22A9}.Debug|x86.Build.0 = Debug|Any CPU
		{C8A91B57-9ED2-404F-9BC2-CFDF9D2A22A9}.Release|Any CPU.ActiveCfg = Release|Any CPU
		{C8A91B57-9ED2-404F-9BC2-CFDF9D2A22A9}.Release|Any CPU.Build.0 = Release|Any CPU
		{C8A91B57-9ED2-404F-9BC2-CFDF9D2A22A9}.Release|ARM.ActiveCfg = Release|Any CPU
		{C8A91B57-9ED2-404F-9BC2-CFDF9D2A22A9}.Release|ARM.Build.0 = Release|Any CPU
		{C8A91B57-9ED2-404F-9BC2-CFDF9D2A22A9}.Release|x64.ActiveCfg = Release|Any CPU
		{C8A91B57-9ED2-404F-9BC2-CFDF9D2A22A9}.Release|x64.Build.0 = Release|Any CPU
		{C8A91B57-9ED2-404F-9BC2-CFDF9D2A22A9}.Release|x86.ActiveCfg = Release|Any CPU
		{C8A91B57-9ED2-404F-9BC2-CFDF9D2A22A9}.Release|x86.Build.0 = Release|Any CPU
		{9BB86386-8CF9-4739-83AE-B7AD04B5E049}.Debug|Any CPU.ActiveCfg = Debug|x86
		{9BB86386-8CF9-4739-83AE-B7AD04B5E049}.Debug|ARM.ActiveCfg = Debug|ARM
		{9BB86386-8CF9-4739-83AE-B7AD04B5E049}.Debug|ARM.Build.0 = Debug|ARM
		{9BB86386-8CF9-4739-83AE-B7AD04B5E049}.Debug|ARM.Deploy.0 = Debug|ARM
		{9BB86386-8CF9-4739-83AE-B7AD04B5E049}.Debug|x64.ActiveCfg = Debug|x64
		{9BB86386-8CF9-4739-83AE-B7AD04B5E049}.Debug|x64.Build.0 = Debug|x64
		{9BB86386-8CF9-4739-83AE-B7AD04B5E049}.Debug|x64.Deploy.0 = Debug|x64
		{9BB86386-8CF9-4739-83AE-B7AD04B5E049}.Debug|x86.ActiveCfg = Debug|x86
		{9BB86386-8CF9-4739-83AE-B7AD04B5E049}.Debug|x86.Build.0 = Debug|x86
		{9BB86386-8CF9-4739-83AE-B7AD04B5E049}.Debug|x86.Deploy.0 = Debug|x86
		{9BB86386-8CF9-4739-83AE-B7AD04B5E049}.Release|Any CPU.ActiveCfg = Release|x86
		{9BB86386-8CF9-4739-83AE-B7AD04B5E049}.Release|ARM.ActiveCfg = Release|ARM
		{9BB86386-8CF9-4739-83AE-B7AD04B5E049}.Release|ARM.Build.0 = Release|ARM
		{9BB86386-8CF9-4739-83AE-B7AD04B5E049}.Release|ARM.Deploy.0 = Release|ARM
		{9BB86386-8CF9-4739-83AE-B7AD04B5E049}.Release|x64.ActiveCfg = Release|x64
		{9BB86386-8CF9-4739-83AE-B7AD04B5E049}.Release|x64.Build.0 = Release|x64
		{9BB86386-8CF9-4739-83AE-B7AD04B5E049}.Release|x64.Deploy.0 = Release|x64
		{9BB86386-8CF9-4739-83AE-B7AD04B5E049}.Release|x86.ActiveCfg = Release|x86
		{9BB86386-8CF9-4739-83AE-B7AD04B5E049}.Release|x86.Build.0 = Release|x86
		{9BB86386-8CF9-4739-83AE-B7AD04B5E049}.Release|x86.Deploy.0 = Release|x86
	EndGlobalSection
	GlobalSection(SolutionProperties) = preSolution
		HideSolutionNode = FALSE
	EndGlobalSection
	GlobalSection(ExtensibilityGlobals) = postSolution
		SolutionGuid = {56B3290D-5490-4277-832B-9E506CC3DD62}
	EndGlobalSection
EndGlobal
